{
  "name": "BAML-playaround",
  "lockfileVersion": 3,
  "requires": true,
  "packages": {
    "": {
      "dependencies": {
        "@boundaryml/baml": "^0.211.2"
      }
    },
    "node_modules/@boundaryml/baml": {
      "version": "0.211.2",
      "resolved": "https://registry.npmjs.org/@boundaryml/baml/-/baml-0.211.2.tgz",
      "integrity": "sha512-5uQBeqM2IFkYM49N/kXVsK/1wy3Rr8oA+XIMJZ+b/2we2f7lR9rxSVrT1fggIdoz/2Bwbbg1FcMkdJBwMNnGbg==",
      "license": "MIT",
      "dependencies": {
        "@scarf/scarf": "^1.3.0"
      },
      "bin": {
        "baml": "cli.js",
        "baml-cli": "cli.js"
      },
      "engines": {
        "node": ">= 10"
      },
      "optionalDependencies": {
        "@boundaryml/baml-darwin-arm64": "0.211.2",
        "@boundaryml/baml-darwin-x64": "0.211.2",
        "@boundaryml/baml-linux-arm64-gnu": "0.211.2",
        "@boundaryml/baml-linux-arm64-musl": "0.211.2",
        "@boundaryml/baml-linux-x64-gnu": "0.211.2",
        "@boundaryml/baml-linux-x64-musl": "0.211.2",
        "@boundaryml/baml-win32-x64-msvc": "0.211.2"
      }
    },
    "node_modules/@boundaryml/baml-darwin-arm64": {
      "version": "0.211.2",
      "resolved": "https://registry.npmjs.org/@boundaryml/baml-darwin-arm64/-/baml-darwin-arm64-0.211.2.tgz",
      "integrity": "sha512-qsKhObXmCrMR1s0dvLPV57We2WAMPoSc4qOT635zayjMgYIwSoUpumbJ4h6DsojFN9VEbcjtR4HNRcbzdzHZEA==",
      "cpu": [
        "arm64"
      ],
      "license": "MIT",
      "optional": true,
      "os": [
        "darwin"
      ],
      "engines": {
        "node": ">= 10"
      }
    },
    "node_modules/@boundaryml/baml-darwin-x64": {
      "version": "0.211.2",
      "resolved": "https://registry.npmjs.org/@boundaryml/baml-darwin-x64/-/baml-darwin-x64-0.211.2.tgz",
      "integrity": "sha512-Bj+AIhMsvtZs8msfxKIiCaOleL0cx40aZXTLPJYfYMHTOuKLveqqIO7yQlZM8ZchJ6zh39DqN9YntTxju8zzWA==",
      "cpu": [
        "x64"
      ],
      "license": "MIT",
      "optional": true,
      "os": [
        "darwin"
      ],
      "engines": {
        "node": ">= 10"
      }
    },
    "node_modules/@boundaryml/baml-linux-arm64-gnu": {
      "version": "0.211.2",
      "resolved": "https://registry.npmjs.org/@boundaryml/baml-linux-arm64-gnu/-/baml-linux-arm64-gnu-0.211.2.tgz",
      "integrity": "sha512-pqr1VH4vncdEMcnbDTyVg7wu34f1lDwxXbuGBCw7xwaFS2InGM3qefdtyVpzPU98IO20znr4mCs1OHaMVOdiVw==",
      "cpu": [
        "arm64"
      ],
      "license": "MIT",
      "optional": true,
      "os": [
        "linux"
      ],
      "engines": {
        "node": ">= 10"
      }
    },
    "node_modules/@boundaryml/baml-linux-arm64-musl": {
      "version": "0.211.2",
      "resolved": "https://registry.npmjs.org/@boundaryml/baml-linux-arm64-musl/-/baml-linux-arm64-musl-0.211.2.tgz",
      "integrity": "sha512-nkTxst17qrGlZJmhZqsguT4yPRVOlQKbrq/b515Hn/vTqJTGuLmpSCB8Xc7gOqyIN7/ipwkNMISVlAlSU5yUIg==",
      "cpu": [
        "arm64"
      ],
      "license": "MIT",
      "optional": true,
      "os": [
        "linux"
      ],
      "engines": {
        "node": ">= 10"
      }
    },
    "node_modules/@boundaryml/baml-linux-x64-gnu": {
      "version": "0.211.2",
      "resolved": "https://registry.npmjs.org/@boundaryml/baml-linux-x64-gnu/-/baml-linux-x64-gnu-0.211.2.tgz",
      "integrity": "sha512-efnZlvst1vT0iF0WdzwRc6sjnfhvlkHhnBu2uS1x0rdH0ABhkgVi57uclRuWsjHz/OQ1WBC0sFp17GDmlaabHQ==",
      "cpu": [
        "x64"
      ],
      "license": "MIT",
      "optional": true,
      "os": [
        "linux"
      ],
      "engines": {
        "node": ">= 10"
      }
    },
    "node_modules/@boundaryml/baml-linux-x64-musl": {
      "version": "0.211.2",
      "resolved": "https://registry.npmjs.org/@boundaryml/baml-linux-x64-musl/-/baml-linux-x64-musl-0.211.2.tgz",
      "integrity": "sha512-2FZp5Z9vVCMoquniwSAmrH64bHo/JmBm//jzlvo9vfcZbK7ca9zGwx0S/CG2HWGNQA5X5tesloY4yTjwZiy2dg==",
      "cpu": [
        "x64"
      ],
      "license": "MIT",
      "optional": true,
      "os": [
        "linux"
      ],
      "engines": {
        "node": ">= 10"
      }
    },
    "node_modules/@boundaryml/baml-win32-x64-msvc": {
      "version": "0.211.2",
      "resolved": "https://registry.npmjs.org/@boundaryml/baml-win32-x64-msvc/-/baml-win32-x64-msvc-0.211.2.tgz",
      "integrity": "sha512-hWN03CKQMtUQYgsfMVl5VsFRaCl9FOWNtFRInZtm8N9a9KgV7aYoLXctaBkVgmuaz5RH46vVC1oht7YF1R0vWQ==",
      "cpu": [
        "x64"
      ],
      "license": "MIT",
      "optional": true,
      "os": [
        "win32"
      ],
      "engines": {
        "node": ">= 10"
      }
    },
    "node_modules/@scarf/scarf": {
      "version": "1.4.0",
      "resolved": "https://registry.npmjs.org/@scarf/scarf/-/scarf-1.4.0.tgz",
      "integrity": "sha512-xxeapPiUXdZAE3che6f3xogoJPeZgig6omHEy1rIY5WVsB3H2BHNnZH+gHG6x91SCWyQCzWGsuL2Hh3ClO5/qQ==",
      "hasInstallScript": true,
      "license": "Apache-2.0"
    }
  }
}
